
Microsoft Visual Studio Solution File, Format Version 12.00
# Visual Studio Version 17
VisualStudioVersion = 17.1.32228.430
MinimumVisualStudioVersion = 10.0.40219.1
Project("{FAE04EC0-301F-11D3-BF4B-00C04F79EFBC}") = "Prueba", "Prueba\Prueba.csproj", "{53B7C27A-B79E-4841-8C0F-6703D0660BF1}"
EndProject
Global
	GlobalSection(SolutionConfigurationPlatforms) = preSolution
		Debug|Any CPU = Debug|Any CPU
		Release|Any CPU = Release|Any CPU
	EndGlobalSection
	GlobalSection(ProjectConfigurationPlatforms) = postSolution
		{53B7C27A-B79E-4841-8C0F-6703D0660BF1}.Debug|Any CPU.ActiveCfg = Debug|Any CPU
		{53B7C27A-B79E-4841-8C0F-6703D0660BF1}.Debug|Any CPU.Build.0 = Debug|Any CPU
		{53B7C27A-B79E-4841-8C0F-6703D0660BF1}.Release|Any CPU.ActiveCfg = Release|Any CPU
		{53B7C27A-B79E-4841-8C0F-6703D0660BF1}.Release|Any CPU.Build.0 = Release|Any CPU
	EndGlobalSection
	GlobalSection(SolutionProperties) = preSolution
		HideSolutionNode = FALSE
	EndGlobalSection
	GlobalSection(ExtensibilityGlobals) = postSolution
		SolutionGuid = {8E312099-2C30-4F7A-9E82-28355AD3A327}
	EndGlobalSection
EndGlobal
